
Microsoft Visual Studio Solution File, Format Version 12.00
# Visual Studio Version 17
VisualStudioVersion = 17.1.32210.238
MinimumVisualStudioVersion = 10.0.40219.1
Project("{FAE04EC0-301F-11D3-BF4B-00C04F79EFBC}") = "ecommerce", "ecommerce\ecommerce.csproj", "{0DA36197-A5C4-49C0-90FB-D864A6457630}"
EndProject
Global
	GlobalSection(SolutionConfigurationPlatforms) = preSolution
		Debug|Any CPU = Debug|Any CPU
		Release|Any CPU = Release|Any CPU
	EndGlobalSection
	GlobalSection(ProjectConfigurationPlatforms) = postSolution
		{0DA36197-A5C4-49C0-90FB-D864A6457630}.Debug|Any CPU.ActiveCfg = Debug|Any CPU
		{0DA36197-A5C4-49C0-90FB-D864A6457630}.Debug|Any CPU.Build.0 = Debug|Any CPU
		{0DA36197-A5C4-49C0-90FB-D864A6457630}.Release|Any CPU.ActiveCfg = Release|Any CPU
		{0DA36197-A5C4-49C0-90FB-D864A6457630}.Release|Any CPU.Build.0 = Release|Any CPU
	EndGlobalSection
	GlobalSection(SolutionProperties) = preSolution
		HideSolutionNode = FALSE
	EndGlobalSection
	GlobalSection(ExtensibilityGlobals) = postSolution
		SolutionGuid = {18FA7205-9FD7-4758-A778-4ECB49AF6ED5}
	EndGlobalSection
EndGlobal
